<?xml version="1.0" encoding="utf-8"?>
<Project ToolsVersion="4.0" xmlns="http://schemas.microsoft.com/developer/msbuild/2003">
  <ItemGroup>
    <Filter Include="src">
      <UniqueIdentifier>{040bab11-6ffd-47c0-834d-0775e696e239}</UniqueIdentifier>
    </Filter>
  </ItemGroup>
  <ItemGroup>
    <ClInclude Include="vector.hpp">
      <Filter>src</Filter>
    </ClInclude>
    <ClInclude Include="scalar.hpp">
      <Filter>src</Filter>
    </ClInclude>
    <ClInclude Include="xyzw.hpp">
      <Filter>src</Filter>
    </ClInclude>
    <ClInclude Include="rgba.hpp">
      <Filter>src</Filter>
    </ClInclude>
    <ClInclude Include="stpq.hpp">
      <Filter>src</Filter>
    </ClInclude>
    <ClInclude Include="swizzle.hpp">
      <Filter>src</Filter>
    </ClInclude>
    <ClInclude Include="vector-usage.hpp">
      <Filter>src</Filter>
    </ClInclude>
    <ClInclude Include="vector-storage.hpp">
      <Filter>src</Filter>
    </ClInclude>
    <ClInclude Include="vector-operator.hpp">
      <Filter>src</Filter>
    </ClInclude>
    <ClInclude Include="matrix-usage.hpp">
      <Filter>src</Filter>
    </ClInclude>
  </ItemGroup>
</Project>